
Microsoft Visual Studio Solution File, Format Version 12.00
# Visual Studio 15
VisualStudioVersion = 15.0.28307.271
MinimumVisualStudioVersion = 10.0.40219.1
Project("{FAE04EC0-301F-11D3-BF4B-00C04F79EFBC}") = "CallisMVCBookstore", "CallisMVCBookstore\CallisMVCBookstore.csproj", "{817DA9B4-8E12-4A2C-A6BD-4924FB30BAE6}"
EndProject
Project("{FAE04EC0-301F-11D3-BF4B-00C04F79EFBC}") = "CallisMVCBookstore.Tests", "CallisMVCBookstore.Tests\CallisMVCBookstore.Tests.csproj", "{581C0D9B-FCDD-4294-9D0C-6C141F9DE156}"
EndProject
Global
	GlobalSection(SolutionConfigurationPlatforms) = preSolution
		Debug|Any CPU = Debug|Any CPU
		Release|Any CPU = Release|Any CPU
	EndGlobalSection
	GlobalSection(ProjectConfigurationPlatforms) = postSolution
		{817DA9B4-8E12-4A2C-A6BD-4924FB30BAE6}.Debug|Any CPU.ActiveCfg = Debug|Any CPU
		{817DA9B4-8E12-4A2C-A6BD-4924FB30BAE6}.Debug|Any CPU.Build.0 = Debug|Any CPU
		{817DA9B4-8E12-4A2C-A6BD-4924FB30BAE6}.Release|Any CPU.ActiveCfg = Release|Any CPU
		{817DA9B4-8E12-4A2C-A6BD-4924FB30BAE6}.Release|Any CPU.Build.0 = Release|Any CPU
		{581C0D9B-FCDD-4294-9D0C-6C141F9DE156}.Debug|Any CPU.ActiveCfg = Debug|Any CPU
		{581C0D9B-FCDD-4294-9D0C-6C141F9DE156}.Debug|Any CPU.Build.0 = Debug|Any CPU
		{581C0D9B-FCDD-4294-9D0C-6C141F9DE156}.Release|Any CPU.ActiveCfg = Release|Any CPU
		{581C0D9B-FCDD-4294-9D0C-6C141F9DE156}.Release|Any CPU.Build.0 = Release|Any CPU
	EndGlobalSection
	GlobalSection(SolutionProperties) = preSolution
		HideSolutionNode = FALSE
	EndGlobalSection
	GlobalSection(ExtensibilityGlobals) = postSolution
		SolutionGuid = {AD4E594D-7138-4010-9A47-C4F576C81970}
	EndGlobalSection
EndGlobal
